// !$*UTF8*$!
{
	archiveVersion = 1;
	classes = {
	};
	objectVersion = 46;
	objects = {

/* Begin PBXBuildFile section */
		0207DA581B56EA530066E2B4 /* Images.xcassets in Resources */ = {isa = PBXBuildFile; fileRef = 0207DA571B56EA530066E2B4 /* Images.xcassets */; };
		0294D30F68E744E48D85ED94 /* ActivityIndicator.m in Sources */ = {isa = PBXBuildFile; fileRef = A03E2FEB0A1443769C5235AC /* ActivityIndicator.m */; };
		118AD0D3EF25437BA7603AB6 /* PushKit.framework in Frameworks */ = {isa = PBXBuildFile; fileRef = 711B8C9565E1419BB7F930AF /* PushKit.framework */; };
		12963724636140808D68373B /* CDVCapture.m in Sources */ = {isa = PBXBuildFile; fileRef = 1A7F84A122A0443DB1348633 /* CDVCapture.m */; };
		1AB7369C5F8B435C859ABD60 /* CDVViewController+SplashScreen.m in Sources */ = {isa = PBXBuildFile; fileRef = 1D3C610B7E7D41BF832774FC /* CDVViewController+SplashScreen.m */; };
		1D3623260D0F684500981E51 /* AppDelegate.m in Sources */ = {isa = PBXBuildFile; fileRef = 1D3623250D0F684500981E51 /* AppDelegate.m */; };
		1D60589B0D05DD56006BFB54 /* main.m in Sources */ = {isa = PBXBuildFile; fileRef = 29B97316FDCFA39411CA2CEA /* main.m */; };
		22A627E37ACA46A6AD7AFEC4 /* CDVDevice.m in Sources */ = {isa = PBXBuildFile; fileRef = 52BAAEBC99CC431AB2A9BB67 /* CDVDevice.m */; };
		234BA8A1D42C40BDAC0F7F6F /* NativeStorage.m in Sources */ = {isa = PBXBuildFile; fileRef = 39914F89F4E840A69DF27582 /* NativeStorage.m */; };
		2740FCAB23BB2D530067EA30 /* MBProgressHUD.m in Sources */ = {isa = PBXBuildFile; fileRef = 4A094CCA774D4E98999468E8 /* MBProgressHUD.m */; };
		2A857F13BF934C65A17D5BEE /* CoreVideo.framework in Frameworks */ = {isa = PBXBuildFile; fileRef = 0DF0EAE750744E98892F5EEF /* CoreVideo.framework */; };
		2C0ADBDA71DF4113B1C170C5 /* CoreTelephony.framework in Frameworks */ = {isa = PBXBuildFile; fileRef = 8429AB5B811F449FBF3BAAB2 /* CoreTelephony.framework */; };
		301BF552109A68D80062928A /* libCordova.a in Frameworks */ = {isa = PBXBuildFile; fileRef = 301BF535109A57CC0062928A /* libCordova.a */; settings = {ATTRIBUTES = (Required, ); }; };
		302D95F114D2391D003F00A1 /* MainViewController.m in Sources */ = {isa = PBXBuildFile; fileRef = 302D95EF14D2391D003F00A1 /* MainViewController.m */; };
		302D95F214D2391D003F00A1 /* MainViewController.xib in Resources */ = {isa = PBXBuildFile; fileRef = 302D95F014D2391D003F00A1 /* MainViewController.xib */; };
		311ACF4533194CEE9DF7E2EA /* CDVBattery.m in Sources */ = {isa = PBXBuildFile; fileRef = C669855775C94744BF3F1292 /* CDVBattery.m */; };
		385D3E6F7A534B3A8884F42B /* CDVNotification.bundle in Resources */ = {isa = PBXBuildFile; fileRef = D383355785B542EC957E8B0C /* CDVNotification.bundle */; };
		396EFE57945C4685A46BD105 /* CDVConnection.m in Sources */ = {isa = PBXBuildFile; fileRef = D40CCAEAE7E042A1BB69DA04 /* CDVConnection.m */; };
		41F9BDE37DBD47DAAF74ABE5 /* CDVLocation.m in Sources */ = {isa = PBXBuildFile; fileRef = EDB46BCD30DF4611B8171D64 /* CDVLocation.m */; };
		5080FAF45ACE44BA937C6572 /* CDVReachability.m in Sources */ = {isa = PBXBuildFile; fileRef = 583C5BF86EB44312BE16DFF7 /* CDVReachability.m */; };
		640B5A8595054F87BDCBD439 /* CDVAssetLibraryFilesystem.m in Sources */ = {isa = PBXBuildFile; fileRef = DA82E4E465694AA186B7432F /* CDVAssetLibraryFilesystem.m */; };
		6A6A934F15D4492384EAC24A /* zxing-all-in-one.cpp in Sources */ = {isa = PBXBuildFile; fileRef = 5D8A0D072416488F85825F50 /* zxing-all-in-one.cpp */; };
		6AFF5BF91D6E424B00AB3073 /* CDVLaunchScreen.storyboard in Resources */ = {isa = PBXBuildFile; fileRef = 6AFF5BF81D6E424B00AB3073 /* CDVLaunchScreen.storyboard */; };
		7C4572920F8D483B8D409343 /* CDVSplashScreen.m in Sources */ = {isa = PBXBuildFile; fileRef = B412F4FA80224485B2AA9670 /* CDVSplashScreen.m */; };
		7CBBFE491F5E47BB89C29849 /* SystemConfiguration.framework in Frameworks */ = {isa = PBXBuildFile; fileRef = 4B0F0E9E824F4C82BFD11F94 /* SystemConfiguration.framework */; settings = {ATTRIBUTES = (Weak, ); }; };
		7E2B911A316441AB81B89421 /* AVFoundation.framework in Frameworks */ = {isa = PBXBuildFile; fileRef = 6D345AB6B7034DB99A0CFF78 /* AVFoundation.framework */; };
		7F9AF08BD27F4A3BBFD20B89 /* ImageIO.framework in Frameworks */ = {isa = PBXBuildFile; fileRef = 537B636B19E047CD80D87420 /* ImageIO.framework */; settings = {ATTRIBUTES = (Weak, ); }; };
		93E202E0AC55489BA992FA94 /* CDVNotification.m in Sources */ = {isa = PBXBuildFile; fileRef = DB5B976906EB4F159123CA37 /* CDVNotification.m */; };
		940E31B9D89D4DA389106471 /* CDVVibration.m in Sources */ = {isa = PBXBuildFile; fileRef = BE30F663A2B0438BA86E7354 /* CDVVibration.m */; };
		9B4ACF432DBC4D7199C65AA6 /* CDVCamera.m in Sources */ = {isa = PBXBuildFile; fileRef = DA37FF4A4BE84A6799504A14 /* CDVCamera.m */; };
		A60253FE02FA4C2587120E03 /* CDVFileTransfer.m in Sources */ = {isa = PBXBuildFile; fileRef = E0BF418AE40D45BF926F35F6 /* CDVFileTransfer.m */; };
		AAC7CAA0760244A688462790 /* PushPlugin.m in Sources */ = {isa = PBXBuildFile; fileRef = 9F4FBC9E3C134B6CA2C2D62F /* PushPlugin.m */; };
		AC82C5D2274841D088F2C2FA /* QuartzCore.framework in Frameworks */ = {isa = PBXBuildFile; fileRef = BABD40DF775748BE93F35F80 /* QuartzCore.framework */; };
		B328EF2A70454483A7A08597 /* AudioToolbox.framework in Frameworks */ = {isa = PBXBuildFile; fileRef = 728FA74C27C040D68470C235 /* AudioToolbox.framework */; settings = {ATTRIBUTES = (Weak, ); }; };
		CCBD1D2582524F1BBD81FACB /* AppDelegate+notification.m in Sources */ = {isa = PBXBuildFile; fileRef = 2733116632134007BD60CCEC /* AppDelegate+notification.m */; };
		CE4D29E213B349679AA0F4E7 /* UIImage+CropScaleOrientation.m in Sources */ = {isa = PBXBuildFile; fileRef = 2EA6A207CF104ADAB4DA1860 /* UIImage+CropScaleOrientation.m */; };
		CFBD92DD9AEA458D8CAA1CBC /* scannerOverlay.xib in Resources */ = {isa = PBXBuildFile; fileRef = 8421B94FE112455E84EDCCD7 /* scannerOverlay.xib */; };
		E02B187F886A40989BD58DEF /* libiconv.dylib in Frameworks */ = {isa = PBXBuildFile; fileRef = 8819E7758734490AA3672314 /* libiconv.dylib */; };
		E3E633D1553245A69D797E1C /* CDVJpegHeaderWriter.m in Sources */ = {isa = PBXBuildFile; fileRef = F58FBD764869424194700753 /* CDVJpegHeaderWriter.m */; };
		E616EA528C82410289BFFA68 /* CDVLocalFilesystem.m in Sources */ = {isa = PBXBuildFile; fileRef = 8428B889721D4873A2DDB830 /* CDVLocalFilesystem.m */; };
		E6D5FC48E1764D2E94411883 /* CDVFile.m in Sources */ = {isa = PBXBuildFile; fileRef = 482EE4B858E64084A4765038 /* CDVFile.m */; };
		F460B97C394743F7A1C1B475 /* CDVBarcodeScanner.mm in Sources */ = {isa = PBXBuildFile; fileRef = F4CCEDD45A164DC3A8DC4E09 /* CDVBarcodeScanner.mm */; settings = {COMPILER_FLAGS = "-fno-objc-arc"; }; };
		F60ED56A5FEDF5146C679F99 /* Pods_HelloCordova.framework in Frameworks */ = {isa = PBXBuildFile; fileRef = 8A220BBC3E531DCF65E65C9C /* Pods_HelloCordova.framework */; };
		FAE674535DFE4A8A8F3DF88B /* CDVCapture.bundle in Resources */ = {isa = PBXBuildFile; fileRef = DC7109D8F4B14DFB86CCBDE2 /* CDVCapture.bundle */; };
		FD07FABE6CFF400A8938EA1A /* CoreLocation.framework in Frameworks */ = {isa = PBXBuildFile; fileRef = AE58A2C384774EB48CDD04B4 /* CoreLocation.framework */; };
/* End PBXBuildFile section */

/* Begin PBXContainerItemProxy section */
		301BF534109A57CC0062928A /* PBXContainerItemProxy */ = {
			isa = PBXContainerItemProxy;
			containerPortal = 301BF52D109A57CC0062928A /* CordovaLib.xcodeproj */;
			proxyType = 2;
			remoteGlobalIDString = D2AAC07E0554694100DB518D;
			remoteInfo = CordovaLib;
		};
		301BF550109A68C00062928A /* PBXContainerItemProxy */ = {
			isa = PBXContainerItemProxy;
			containerPortal = 301BF52D109A57CC0062928A /* CordovaLib.xcodeproj */;
			proxyType = 1;
			remoteGlobalIDString = D2AAC07D0554694100DB518D;
			remoteInfo = CordovaLib;
		};
		907D8123214C687600058A10 /* PBXContainerItemProxy */ = {
			isa = PBXContainerItemProxy;
			containerPortal = 301BF52D109A57CC0062928A /* CordovaLib.xcodeproj */;
			proxyType = 2;
			remoteGlobalIDString = C0C01EB21E3911D50056E6CB;
			remoteInfo = Cordova;
		};
/* End PBXContainerItemProxy section */

/* Begin PBXFileReference section */
		0207DA571B56EA530066E2B4 /* Images.xcassets */ = {isa = PBXFileReference; lastKnownFileType = folder.assetcatalog; name = Images.xcassets; path = HelloCordova/Images.xcassets; sourceTree = SOURCE_ROOT; };
		0DF0EAE750744E98892F5EEF /* CoreVideo.framework */ = {isa = PBXFileReference; explicitFileType = undefined; fileEncoding = 9; includeInIndex = 0; lastKnownFileType = wrapper.framework; name = CoreVideo.framework; path = System/Library/Frameworks/CoreVideo.framework; sourceTree = SDKROOT; };
		1A4CBBFD2B224996998325B2 /* CDVAssetLibraryFilesystem.h */ = {isa = PBXFileReference; explicitFileType = undefined; fileEncoding = 4; includeInIndex = 0; lastKnownFileType = sourcecode.c.h; name = CDVAssetLibraryFilesystem.h; path = "cordova-plugin-file/CDVAssetLibraryFilesystem.h"; sourceTree = "<group>"; };
		1A7F84A122A0443DB1348633 /* CDVCapture.m */ = {isa = PBXFileReference; explicitFileType = undefined; fileEncoding = 4; includeInIndex = 0; lastKnownFileType = sourcecode.c.objc; name = CDVCapture.m; path = "cordova-plugin-media-capture/CDVCapture.m"; sourceTree = "<group>"; };
		1D3623240D0F684500981E51 /* AppDelegate.h */ = {isa = PBXFileReference; fileEncoding = 4; lastKnownFileType = sourcecode.c.h; path = AppDelegate.h; sourceTree = "<group>"; };
		1D3623250D0F684500981E51 /* AppDelegate.m */ = {isa = PBXFileReference; fileEncoding = 4; lastKnownFileType = sourcecode.c.objc; path = AppDelegate.m; sourceTree = "<group>"; };
		1D3C610B7E7D41BF832774FC /* CDVViewController+SplashScreen.m */ = {isa = PBXFileReference; explicitFileType = undefined; fileEncoding = 4; includeInIndex = 0; lastKnownFileType = sourcecode.c.objc; name = "CDVViewController+SplashScreen.m"; path = "cordova-plugin-splashscreen/CDVViewController+SplashScreen.m"; sourceTree = "<group>"; };
		1D6058910D05DD3D006BFB54 /* WinAim.app */ = {isa = PBXFileReference; explicitFileType = wrapper.application; includeInIndex = 0; path = WinAim.app; sourceTree = BUILT_PRODUCTS_DIR; };
		1EA5A04B4C58C74DD299E0D5 /* Pods-HelloCordova.release.xcconfig */ = {isa = PBXFileReference; includeInIndex = 1; lastKnownFileType = text.xcconfig; name = "Pods-HelloCordova.release.xcconfig"; path = "Target Support Files/Pods-HelloCordova/Pods-HelloCordova.release.xcconfig"; sourceTree = "<group>"; };
		2733116632134007BD60CCEC /* AppDelegate+notification.m */ = {isa = PBXFileReference; explicitFileType = undefined; fileEncoding = 4; includeInIndex = 0; lastKnownFileType = sourcecode.c.objc; name = "AppDelegate+notification.m"; path = "havesource-cordova-plugin-push/AppDelegate+notification.m"; sourceTree = "<group>"; };
		29B97316FDCFA39411CA2CEA /* main.m */ = {isa = PBXFileReference; fileEncoding = 4; lastKnownFileType = sourcecode.c.objc; path = main.m; sourceTree = "<group>"; };
		2EA6A207CF104ADAB4DA1860 /* UIImage+CropScaleOrientation.m */ = {isa = PBXFileReference; explicitFileType = undefined; fileEncoding = 4; includeInIndex = 0; lastKnownFileType = sourcecode.c.objc; name = "UIImage+CropScaleOrientation.m"; path = "cordova-plugin-camera/UIImage+CropScaleOrientation.m"; sourceTree = "<group>"; };
		301BF52D109A57CC0062928A /* CordovaLib.xcodeproj */ = {isa = PBXFileReference; lastKnownFileType = "wrapper.pb-project"; name = CordovaLib.xcodeproj; path = CordovaLib/CordovaLib.xcodeproj; sourceTree = "<group>"; };
		301BF56E109A69640062928A /* www */ = {isa = PBXFileReference; lastKnownFileType = folder; path = www; sourceTree = SOURCE_ROOT; };
		302D95EE14D2391D003F00A1 /* MainViewController.h */ = {isa = PBXFileReference; fileEncoding = 4; lastKnownFileType = sourcecode.c.h; path = MainViewController.h; sourceTree = "<group>"; };
		302D95EF14D2391D003F00A1 /* MainViewController.m */ = {isa = PBXFileReference; fileEncoding = 4; lastKnownFileType = sourcecode.c.objc; path = MainViewController.m; sourceTree = "<group>"; };
		302D95F014D2391D003F00A1 /* MainViewController.xib */ = {isa = PBXFileReference; fileEncoding = 4; lastKnownFileType = file.xib; path = MainViewController.xib; sourceTree = "<group>"; };
		3047A50F1AB8059700498E2A /* build-debug.xcconfig */ = {isa = PBXFileReference; fileEncoding = 4; lastKnownFileType = text.xcconfig; name = "build-debug.xcconfig"; path = "cordova/build-debug.xcconfig"; sourceTree = SOURCE_ROOT; };
		3047A5101AB8059700498E2A /* build-release.xcconfig */ = {isa = PBXFileReference; fileEncoding = 4; lastKnownFileType = text.xcconfig; name = "build-release.xcconfig"; path = "cordova/build-release.xcconfig"; sourceTree = SOURCE_ROOT; };
		3047A5111AB8059700498E2A /* build.xcconfig */ = {isa = PBXFileReference; fileEncoding = 4; lastKnownFileType = text.xcconfig; name = build.xcconfig; path = cordova/build.xcconfig; sourceTree = SOURCE_ROOT; };
		3233C64B72494A6586584186 /* ActivityIndicator.h */ = {isa = PBXFileReference; explicitFileType = undefined; fileEncoding = 4; includeInIndex = 0; lastKnownFileType = sourcecode.c.h; name = ActivityIndicator.h; path = "cordova-plugin-activityindicator/ActivityIndicator.h"; sourceTree = "<group>"; };
		32CA4F630368D1EE00C91783 /* HelloCordova-Prefix.pch */ = {isa = PBXFileReference; fileEncoding = 4; lastKnownFileType = sourcecode.c.h; path = "HelloCordova-Prefix.pch"; sourceTree = "<group>"; };
		3372768523B1405D8F4685BD /* CDVExif.h */ = {isa = PBXFileReference; explicitFileType = undefined; fileEncoding = 4; includeInIndex = 0; lastKnownFileType = sourcecode.c.h; name = CDVExif.h; path = "cordova-plugin-camera/CDVExif.h"; sourceTree = "<group>"; };
		33CFC6A85D544E24AAF4E1A6 /* CDVDevice.h */ = {isa = PBXFileReference; explicitFileType = undefined; fileEncoding = 4; includeInIndex = 0; lastKnownFileType = sourcecode.c.h; name = CDVDevice.h; path = "cordova-plugin-device/CDVDevice.h"; sourceTree = "<group>"; };
		39914F89F4E840A69DF27582 /* NativeStorage.m */ = {isa = PBXFileReference; explicitFileType = undefined; fileEncoding = 4; includeInIndex = 0; lastKnownFileType = sourcecode.c.objc; name = NativeStorage.m; path = "cordova-plugin-nativestorage/NativeStorage.m"; sourceTree = "<group>"; };
		3E2A849DFC694C49B8699CCC /* UIImage+CropScaleOrientation.h */ = {isa = PBXFileReference; explicitFileType = undefined; fileEncoding = 4; includeInIndex = 0; lastKnownFileType = sourcecode.c.h; name = "UIImage+CropScaleOrientation.h"; path = "cordova-plugin-camera/UIImage+CropScaleOrientation.h"; sourceTree = "<group>"; };
		482EE4B858E64084A4765038 /* CDVFile.m */ = {isa = PBXFileReference; explicitFileType = undefined; fileEncoding = 4; includeInIndex = 0; lastKnownFileType = sourcecode.c.objc; name = CDVFile.m; path = "cordova-plugin-file/CDVFile.m"; sourceTree = "<group>"; };
		4A094CCA774D4E98999468E8 /* MBProgressHUD.m */ = {isa = PBXFileReference; explicitFileType = undefined; fileEncoding = 4; includeInIndex = 0; lastKnownFileType = sourcecode.c.objc; name = MBProgressHUD.m; path = "cordova-plugin-activityindicator/MBProgressHUD.m"; sourceTree = "<group>"; };
		4AA836DB3B304F8CA0E8585C /* CDVViewController+SplashScreen.h */ = {isa = PBXFileReference; explicitFileType = undefined; fileEncoding = 4; includeInIndex = 0; lastKnownFileType = sourcecode.c.h; name = "CDVViewController+SplashScreen.h"; path = "cordova-plugin-splashscreen/CDVViewController+SplashScreen.h"; sourceTree = "<group>"; };
		4B0F0E9E824F4C82BFD11F94 /* SystemConfiguration.framework */ = {isa = PBXFileReference; explicitFileType = undefined; fileEncoding = 9; includeInIndex = 0; lastKnownFileType = wrapper.framework; name = SystemConfiguration.framework; path = System/Library/Frameworks/SystemConfiguration.framework; sourceTree = SDKROOT; };
		4E2237934877409AAF741AD2 /* NativeStorage.h */ = {isa = PBXFileReference; explicitFileType = undefined; fileEncoding = 4; includeInIndex = 0; lastKnownFileType = sourcecode.c.h; name = NativeStorage.h; path = "cordova-plugin-nativestorage/NativeStorage.h"; sourceTree = "<group>"; };
		52BAAEBC99CC431AB2A9BB67 /* CDVDevice.m */ = {isa = PBXFileReference; explicitFileType = undefined; fileEncoding = 4; includeInIndex = 0; lastKnownFileType = sourcecode.c.objc; name = CDVDevice.m; path = "cordova-plugin-device/CDVDevice.m"; sourceTree = "<group>"; };
		537B636B19E047CD80D87420 /* ImageIO.framework */ = {isa = PBXFileReference; explicitFileType = undefined; fileEncoding = 9; includeInIndex = 0; lastKnownFileType = wrapper.framework; name = ImageIO.framework; path = System/Library/Frameworks/ImageIO.framework; sourceTree = SDKROOT; };
		5478A38946E04C59BEF45E02 /* CDVSplashScreen.h */ = {isa = PBXFileReference; explicitFileType = undefined; fileEncoding = 4; includeInIndex = 0; lastKnownFileType = sourcecode.c.h; name = CDVSplashScreen.h; path = "cordova-plugin-splashscreen/CDVSplashScreen.h"; sourceTree = "<group>"; };
		557AC1D89E8340E9993040BC /* CDVNotification.h */ = {isa = PBXFileReference; explicitFileType = undefined; fileEncoding = 4; includeInIndex = 0; lastKnownFileType = sourcecode.c.h; name = CDVNotification.h; path = "cordova-plugin-dialogs/CDVNotification.h"; sourceTree = "<group>"; };
		583C5BF86EB44312BE16DFF7 /* CDVReachability.m */ = {isa = PBXFileReference; explicitFileType = undefined; fileEncoding = 4; includeInIndex = 0; lastKnownFileType = sourcecode.c.objc; name = CDVReachability.m; path = "cordova-plugin-network-information/CDVReachability.m"; sourceTree = "<group>"; };
		5D8A0D072416488F85825F50 /* zxing-all-in-one.cpp */ = {isa = PBXFileReference; explicitFileType = undefined; fileEncoding = 9; includeInIndex = 0; lastKnownFileType = unknown; name = "zxing-all-in-one.cpp"; path = "cordova-plugin-barcodescanner/zxing-all-in-one.cpp"; sourceTree = "<group>"; };
		5FB3A06E15DD454D9A5A612A /* MBProgressHUD.h */ = {isa = PBXFileReference; explicitFileType = undefined; fileEncoding = 4; includeInIndex = 0; lastKnownFileType = sourcecode.c.h; name = MBProgressHUD.h; path = "cordova-plugin-activityindicator/MBProgressHUD.h"; sourceTree = "<group>"; };
		6AFF5BF81D6E424B00AB3073 /* CDVLaunchScreen.storyboard */ = {isa = PBXFileReference; fileEncoding = 4; lastKnownFileType = file.storyboard; name = CDVLaunchScreen.storyboard; path = HelloCordova/CDVLaunchScreen.storyboard; sourceTree = SOURCE_ROOT; };
		6D345AB6B7034DB99A0CFF78 /* AVFoundation.framework */ = {isa = PBXFileReference; explicitFileType = undefined; fileEncoding = 9; includeInIndex = 0; lastKnownFileType = wrapper.framework; name = AVFoundation.framework; path = System/Library/Frameworks/AVFoundation.framework; sourceTree = SDKROOT; };
		711B8C9565E1419BB7F930AF /* PushKit.framework */ = {isa = PBXFileReference; explicitFileType = undefined; fileEncoding = 9; includeInIndex = 0; lastKnownFileType = wrapper.framework; name = PushKit.framework; path = System/Library/Frameworks/PushKit.framework; sourceTree = SDKROOT; };
		728FA74C27C040D68470C235 /* AudioToolbox.framework */ = {isa = PBXFileReference; explicitFileType = undefined; fileEncoding = 9; includeInIndex = 0; lastKnownFileType = wrapper.framework; name = AudioToolbox.framework; path = System/Library/Frameworks/AudioToolbox.framework; sourceTree = SDKROOT; };
		7988A011DA0248B997517037 /* CDVFile.h */ = {isa = PBXFileReference; explicitFileType = undefined; fileEncoding = 4; includeInIndex = 0; lastKnownFileType = sourcecode.c.h; name = CDVFile.h; path = "cordova-plugin-file/CDVFile.h"; sourceTree = "<group>"; };
		8421B94FE112455E84EDCCD7 /* scannerOverlay.xib */ = {isa = PBXFileReference; explicitFileType = undefined; fileEncoding = 9; includeInIndex = 0; lastKnownFileType = file.xib; path = scannerOverlay.xib; sourceTree = "<group>"; };
		8428B889721D4873A2DDB830 /* CDVLocalFilesystem.m */ = {isa = PBXFileReference; explicitFileType = undefined; fileEncoding = 4; includeInIndex = 0; lastKnownFileType = sourcecode.c.objc; name = CDVLocalFilesystem.m; path = "cordova-plugin-file/CDVLocalFilesystem.m"; sourceTree = "<group>"; };
		8429AB5B811F449FBF3BAAB2 /* CoreTelephony.framework */ = {isa = PBXFileReference; explicitFileType = undefined; fileEncoding = 9; includeInIndex = 0; lastKnownFileType = wrapper.framework; name = CoreTelephony.framework; path = System/Library/Frameworks/CoreTelephony.framework; sourceTree = SDKROOT; };
		8819E7758734490AA3672314 /* libiconv.dylib */ = {isa = PBXFileReference; explicitFileType = undefined; fileEncoding = 9; includeInIndex = 0; lastKnownFileType = "compiled.mach-o.dylib"; name = libiconv.dylib; path = usr/lib/libiconv.dylib; sourceTree = SDKROOT; };
		887FB0BC8DD94A7BB59EF9AF /* zxing-all-in-one.h */ = {isa = PBXFileReference; explicitFileType = undefined; fileEncoding = 4; includeInIndex = 0; lastKnownFileType = sourcecode.c.h; name = "zxing-all-in-one.h"; path = "cordova-plugin-barcodescanner/zxing-all-in-one.h"; sourceTree = "<group>"; };
		8A220BBC3E531DCF65E65C9C /* Pods_HelloCordova.framework */ = {isa = PBXFileReference; explicitFileType = wrapper.framework; includeInIndex = 0; path = Pods_HelloCordova.framework; sourceTree = BUILT_PRODUCTS_DIR; };
		8D1107310486CEB800E47090 /* HelloCordova-Info.plist */ = {isa = PBXFileReference; fileEncoding = 4; lastKnownFileType = text.plist.xml; name = "HelloCordova-Info.plist"; path = "HelloCordova/HelloCordova-Info.plist"; plistStructureDefinitionIdentifier = "com.apple.xcode.plist.structure-definition.iphone.info-plist"; sourceTree = SOURCE_ROOT; };
		91B3421AEDED468487290424 /* PushPlugin.h */ = {isa = PBXFileReference; explicitFileType = undefined; fileEncoding = 4; includeInIndex = 0; lastKnownFileType = sourcecode.c.h; name = PushPlugin.h; path = "havesource-cordova-plugin-push/PushPlugin.h"; sourceTree = "<group>"; };
		9808EC5E99624321AC02BD71 /* CDVFileTransfer.h */ = {isa = PBXFileReference; explicitFileType = undefined; fileEncoding = 4; includeInIndex = 0; lastKnownFileType = sourcecode.c.h; name = CDVFileTransfer.h; path = "cordova-plugin-file-transfer/CDVFileTransfer.h"; sourceTree = "<group>"; };
		9F4FBC9E3C134B6CA2C2D62F /* PushPlugin.m */ = {isa = PBXFileReference; explicitFileType = undefined; fileEncoding = 4; includeInIndex = 0; lastKnownFileType = sourcecode.c.objc; name = PushPlugin.m; path = "havesource-cordova-plugin-push/PushPlugin.m"; sourceTree = "<group>"; };
		A03E2FEB0A1443769C5235AC /* ActivityIndicator.m */ = {isa = PBXFileReference; explicitFileType = undefined; fileEncoding = 4; includeInIndex = 0; lastKnownFileType = sourcecode.c.objc; name = ActivityIndicator.m; path = "cordova-plugin-activityindicator/ActivityIndicator.m"; sourceTree = "<group>"; };
		A148B64DE43B49838BF7EEBD /* CDVConnection.h */ = {isa = PBXFileReference; explicitFileType = undefined; fileEncoding = 4; includeInIndex = 0; lastKnownFileType = sourcecode.c.h; name = CDVConnection.h; path = "cordova-plugin-network-information/CDVConnection.h"; sourceTree = "<group>"; };
		A280065E58694D40A294CC17 /* CDVReachability.h */ = {isa = PBXFileReference; explicitFileType = undefined; fileEncoding = 4; includeInIndex = 0; lastKnownFileType = sourcecode.c.h; name = CDVReachability.h; path = "cordova-plugin-network-information/CDVReachability.h"; sourceTree = "<group>"; };
		A870F99F4AB741469BD51021 /* CDVCamera.h */ = {isa = PBXFileReference; explicitFileType = undefined; fileEncoding = 4; includeInIndex = 0; lastKnownFileType = sourcecode.c.h; name = CDVCamera.h; path = "cordova-plugin-camera/CDVCamera.h"; sourceTree = "<group>"; };
		A9B48DB1CC4E4FA3960D1499 /* AppDelegate+notification.h */ = {isa = PBXFileReference; explicitFileType = undefined; fileEncoding = 4; includeInIndex = 0; lastKnownFileType = sourcecode.c.h; name = "AppDelegate+notification.h"; path = "havesource-cordova-plugin-push/AppDelegate+notification.h"; sourceTree = "<group>"; };
		AE58A2C384774EB48CDD04B4 /* CoreLocation.framework */ = {isa = PBXFileReference; explicitFileType = undefined; fileEncoding = 9; includeInIndex = 0; lastKnownFileType = wrapper.framework; name = CoreLocation.framework; path = System/Library/Frameworks/CoreLocation.framework; sourceTree = SDKROOT; };
		B412F4FA80224485B2AA9670 /* CDVSplashScreen.m */ = {isa = PBXFileReference; explicitFileType = undefined; fileEncoding = 4; includeInIndex = 0; lastKnownFileType = sourcecode.c.objc; name = CDVSplashScreen.m; path = "cordova-plugin-splashscreen/CDVSplashScreen.m"; sourceTree = "<group>"; };
		B52FC375EBDB4718A5A26416 /* CDVBattery.h */ = {isa = PBXFileReference; explicitFileType = undefined; fileEncoding = 4; includeInIndex = 0; lastKnownFileType = sourcecode.c.h; name = CDVBattery.h; path = "cordova-plugin-battery-status/CDVBattery.h"; sourceTree = "<group>"; };
		B789BAFD10D147E1829E19F8 /* CDVLocation.h */ = {isa = PBXFileReference; explicitFileType = undefined; fileEncoding = 4; includeInIndex = 0; lastKnownFileType = sourcecode.c.h; name = CDVLocation.h; path = "cordova-plugin-geolocation/CDVLocation.h"; sourceTree = "<group>"; };
		BABD40DF775748BE93F35F80 /* QuartzCore.framework */ = {isa = PBXFileReference; explicitFileType = undefined; fileEncoding = 9; includeInIndex = 0; lastKnownFileType = wrapper.framework; name = QuartzCore.framework; path = System/Library/Frameworks/QuartzCore.framework; sourceTree = SDKROOT; };
		BB951F1A1A064551B0950E3C /* CDVCapture.h */ = {isa = PBXFileReference; explicitFileType = undefined; fileEncoding = 4; includeInIndex = 0; lastKnownFileType = sourcecode.c.h; name = CDVCapture.h; path = "cordova-plugin-media-capture/CDVCapture.h"; sourceTree = "<group>"; };
		BCF0E477F14B4293A0739610 /* CDVJpegHeaderWriter.h */ = {isa = PBXFileReference; explicitFileType = undefined; fileEncoding = 4; includeInIndex = 0; lastKnownFileType = sourcecode.c.h; name = CDVJpegHeaderWriter.h; path = "cordova-plugin-camera/CDVJpegHeaderWriter.h"; sourceTree = "<group>"; };
		BE30F663A2B0438BA86E7354 /* CDVVibration.m */ = {isa = PBXFileReference; explicitFileType = undefined; fileEncoding = 4; includeInIndex = 0; lastKnownFileType = sourcecode.c.objc; name = CDVVibration.m; path = "cordova-plugin-vibration/CDVVibration.m"; sourceTree = "<group>"; };
		C669855775C94744BF3F1292 /* CDVBattery.m */ = {isa = PBXFileReference; explicitFileType = undefined; fileEncoding = 4; includeInIndex = 0; lastKnownFileType = sourcecode.c.objc; name = CDVBattery.m; path = "cordova-plugin-battery-status/CDVBattery.m"; sourceTree = "<group>"; };
		CFC5E163596E40E48017FA68 /* CDVVibration.h */ = {isa = PBXFileReference; explicitFileType = undefined; fileEncoding = 4; includeInIndex = 0; lastKnownFileType = sourcecode.c.h; name = CDVVibration.h; path = "cordova-plugin-vibration/CDVVibration.h"; sourceTree = "<group>"; };
		D383355785B542EC957E8B0C /* CDVNotification.bundle */ = {isa = PBXFileReference; explicitFileType = undefined; fileEncoding = 9; includeInIndex = 0; lastKnownFileType = "wrapper.plug-in"; path = CDVNotification.bundle; sourceTree = "<group>"; };
		D40CCAEAE7E042A1BB69DA04 /* CDVConnection.m */ = {isa = PBXFileReference; explicitFileType = undefined; fileEncoding = 4; includeInIndex = 0; lastKnownFileType = sourcecode.c.objc; name = CDVConnection.m; path = "cordova-plugin-network-information/CDVConnection.m"; sourceTree = "<group>"; };
		DA37FF4A4BE84A6799504A14 /* CDVCamera.m */ = {isa = PBXFileReference; explicitFileType = undefined; fileEncoding = 4; includeInIndex = 0; lastKnownFileType = sourcecode.c.objc; name = CDVCamera.m; path = "cordova-plugin-camera/CDVCamera.m"; sourceTree = "<group>"; };
		DA82E4E465694AA186B7432F /* CDVAssetLibraryFilesystem.m */ = {isa = PBXFileReference; explicitFileType = undefined; fileEncoding = 4; includeInIndex = 0; lastKnownFileType = sourcecode.c.objc; name = CDVAssetLibraryFilesystem.m; path = "cordova-plugin-file/CDVAssetLibraryFilesystem.m"; sourceTree = "<group>"; };
		DB5B976906EB4F159123CA37 /* CDVNotification.m */ = {isa = PBXFileReference; explicitFileType = undefined; fileEncoding = 4; includeInIndex = 0; lastKnownFileType = sourcecode.c.objc; name = CDVNotification.m; path = "cordova-plugin-dialogs/CDVNotification.m"; sourceTree = "<group>"; };
		DC7109D8F4B14DFB86CCBDE2 /* CDVCapture.bundle */ = {isa = PBXFileReference; explicitFileType = undefined; fileEncoding = 9; includeInIndex = 0; lastKnownFileType = "wrapper.plug-in"; path = CDVCapture.bundle; sourceTree = "<group>"; };
		DE95213BD2F636D37448A36D /* Pods-HelloCordova.debug.xcconfig */ = {isa = PBXFileReference; includeInIndex = 1; lastKnownFileType = text.xcconfig; name = "Pods-HelloCordova.debug.xcconfig"; path = "Target Support Files/Pods-HelloCordova/Pods-HelloCordova.debug.xcconfig"; sourceTree = "<group>"; };
		E0BF418AE40D45BF926F35F6 /* CDVFileTransfer.m */ = {isa = PBXFileReference; explicitFileType = undefined; fileEncoding = 4; includeInIndex = 0; lastKnownFileType = sourcecode.c.objc; name = CDVFileTransfer.m; path = "cordova-plugin-file-transfer/CDVFileTransfer.m"; sourceTree = "<group>"; };
		EB87FDF31871DA8E0020F90C /* www */ = {isa = PBXFileReference; lastKnownFileType = folder; name = www; path = ../../www; sourceTree = "<group>"; };
		EB87FDF41871DAF40020F90C /* config.xml */ = {isa = PBXFileReference; lastKnownFileType = text.xml; name = config.xml; path = ../../config.xml; sourceTree = "<group>"; };
		ED33DF2A687741AEAF9F8254 /* Bridging-Header.h */ = {isa = PBXFileReference; fileEncoding = 4; lastKnownFileType = sourcecode.c.h; path = "Bridging-Header.h"; sourceTree = "<group>"; };
		EDB46BCD30DF4611B8171D64 /* CDVLocation.m */ = {isa = PBXFileReference; explicitFileType = undefined; fileEncoding = 4; includeInIndex = 0; lastKnownFileType = sourcecode.c.objc; name = CDVLocation.m; path = "cordova-plugin-geolocation/CDVLocation.m"; sourceTree = "<group>"; };
		F147B9221B7243BD8D42FC57 /* CDVLocalFilesystem.h */ = {isa = PBXFileReference; explicitFileType = undefined; fileEncoding = 4; includeInIndex = 0; lastKnownFileType = sourcecode.c.h; name = CDVLocalFilesystem.h; path = "cordova-plugin-file/CDVLocalFilesystem.h"; sourceTree = "<group>"; };
		F4CCEDD45A164DC3A8DC4E09 /* CDVBarcodeScanner.mm */ = {isa = PBXFileReference; explicitFileType = undefined; fileEncoding = 9; includeInIndex = 0; lastKnownFileType = unknown; name = CDVBarcodeScanner.mm; path = "cordova-plugin-barcodescanner/CDVBarcodeScanner.mm"; sourceTree = "<group>"; };
		F58FBD764869424194700753 /* CDVJpegHeaderWriter.m */ = {isa = PBXFileReference; explicitFileType = undefined; fileEncoding = 4; includeInIndex = 0; lastKnownFileType = sourcecode.c.objc; name = CDVJpegHeaderWriter.m; path = "cordova-plugin-camera/CDVJpegHeaderWriter.m"; sourceTree = "<group>"; };
		F840E1F0165FE0F500CFE078 /* config.xml */ = {isa = PBXFileReference; lastKnownFileType = text.xml; name = config.xml; path = HelloCordova/config.xml; sourceTree = "<group>"; };
/* End PBXFileReference section */

/* Begin PBXFrameworksBuildPhase section */
		1D60588F0D05DD3D006BFB54 /* Frameworks */ = {
			isa = PBXFrameworksBuildPhase;
			buildActionMask = 2147483647;
			files = (
				301BF552109A68D80062928A /* libCordova.a in Frameworks */,
				E02B187F886A40989BD58DEF /* libiconv.dylib in Frameworks */,
				7E2B911A316441AB81B89421 /* AVFoundation.framework in Frameworks */,
				2A857F13BF934C65A17D5BEE /* CoreVideo.framework in Frameworks */,
				AC82C5D2274841D088F2C2FA /* QuartzCore.framework in Frameworks */,
				7F9AF08BD27F4A3BBFD20B89 /* ImageIO.framework in Frameworks */,
				FD07FABE6CFF400A8938EA1A /* CoreLocation.framework in Frameworks */,
				B328EF2A70454483A7A08597 /* AudioToolbox.framework in Frameworks */,
				7CBBFE491F5E47BB89C29849 /* SystemConfiguration.framework in Frameworks */,
				2C0ADBDA71DF4113B1C170C5 /* CoreTelephony.framework in Frameworks */,
				118AD0D3EF25437BA7603AB6 /* PushKit.framework in Frameworks */,
				F60ED56A5FEDF5146C679F99 /* Pods_HelloCordova.framework in Frameworks */,
			);
			runOnlyForDeploymentPostprocessing = 0;
		};
/* End PBXFrameworksBuildPhase section */

/* Begin PBXGroup section */
		080E96DDFE201D6D7F000001 /* Classes */ = {
			isa = PBXGroup;
			children = (
				302D95EE14D2391D003F00A1 /* MainViewController.h */,
				302D95EF14D2391D003F00A1 /* MainViewController.m */,
				302D95F014D2391D003F00A1 /* MainViewController.xib */,
				1D3623240D0F684500981E51 /* AppDelegate.h */,
				1D3623250D0F684500981E51 /* AppDelegate.m */,
			);
			name = Classes;
			path = HelloCordova/Classes;
			sourceTree = SOURCE_ROOT;
		};
		19C28FACFE9D520D11CA2CBB /* Products */ = {
			isa = PBXGroup;
			children = (
				1D6058910D05DD3D006BFB54 /* WinAim.app */,
			);
			name = Products;
			sourceTree = "<group>";
		};
		29B97314FDCFA39411CA2CEA /* CustomTemplate */ = {
			isa = PBXGroup;
			children = (
				EB87FDF41871DAF40020F90C /* config.xml */,
				EB87FDF31871DA8E0020F90C /* www */,
				EB87FDF11871DA420020F90C /* Staging */,
				301BF52D109A57CC0062928A /* CordovaLib.xcodeproj */,
				080E96DDFE201D6D7F000001 /* Classes */,
				307C750510C5A3420062BCA9 /* Plugins */,
				29B97315FDCFA39411CA2CEA /* Other Sources */,
				29B97317FDCFA39411CA2CEA /* Resources */,
				29B97323FDCFA39411CA2CEA /* Frameworks */,
				19C28FACFE9D520D11CA2CBB /* Products */,
				391BF8CB4F486A4D902CD219 /* Pods */,
			);
			name = CustomTemplate;
			sourceTree = "<group>";
		};
		29B97315FDCFA39411CA2CEA /* Other Sources */ = {
			isa = PBXGroup;
			children = (
				32CA4F630368D1EE00C91783 /* HelloCordova-Prefix.pch */,
				29B97316FDCFA39411CA2CEA /* main.m */,
				ED33DF2A687741AEAF9F8254 /* Bridging-Header.h */,
			);
			name = "Other Sources";
			path = HelloCordova;
			sourceTree = "<group>";
		};
		29B97317FDCFA39411CA2CEA /* Resources */ = {
			isa = PBXGroup;
			children = (
				0207DA571B56EA530066E2B4 /* Images.xcassets */,
				3047A50E1AB8057F00498E2A /* config */,
				8D1107310486CEB800E47090 /* HelloCordova-Info.plist */,
				6AFF5BF81D6E424B00AB3073 /* CDVLaunchScreen.storyboard */,
				8421B94FE112455E84EDCCD7 /* scannerOverlay.xib */,
				D383355785B542EC957E8B0C /* CDVNotification.bundle */,
				DC7109D8F4B14DFB86CCBDE2 /* CDVCapture.bundle */,
			);
			name = Resources;
			path = HelloCordova/Resources;
			sourceTree = "<group>";
		};
		29B97323FDCFA39411CA2CEA /* Frameworks */ = {
			isa = PBXGroup;
			children = (
				8819E7758734490AA3672314 /* libiconv.dylib */,
				6D345AB6B7034DB99A0CFF78 /* AVFoundation.framework */,
				0DF0EAE750744E98892F5EEF /* CoreVideo.framework */,
				BABD40DF775748BE93F35F80 /* QuartzCore.framework */,
				537B636B19E047CD80D87420 /* ImageIO.framework */,
				AE58A2C384774EB48CDD04B4 /* CoreLocation.framework */,
				728FA74C27C040D68470C235 /* AudioToolbox.framework */,
				4B0F0E9E824F4C82BFD11F94 /* SystemConfiguration.framework */,
				8429AB5B811F449FBF3BAAB2 /* CoreTelephony.framework */,
				711B8C9565E1419BB7F930AF /* PushKit.framework */,
				8A220BBC3E531DCF65E65C9C /* Pods_HelloCordova.framework */,
			);
			name = Frameworks;
			sourceTree = "<group>";
		};
		301BF52E109A57CC0062928A /* Products */ = {
			isa = PBXGroup;
			children = (
				301BF535109A57CC0062928A /* libCordova.a */,
				907D8124214C687600058A10 /* Cordova.framework */,
			);
			name = Products;
			sourceTree = "<group>";
		};
		3047A50E1AB8057F00498E2A /* config */ = {
			isa = PBXGroup;
			children = (
				3047A50F1AB8059700498E2A /* build-debug.xcconfig */,
				3047A5101AB8059700498E2A /* build-release.xcconfig */,
				3047A5111AB8059700498E2A /* build.xcconfig */,
			);
			name = config;
			sourceTree = "<group>";
		};
		307C750510C5A3420062BCA9 /* Plugins */ = {
			isa = PBXGroup;
			children = (
				F4CCEDD45A164DC3A8DC4E09 /* CDVBarcodeScanner.mm */,
				5D8A0D072416488F85825F50 /* zxing-all-in-one.cpp */,
				887FB0BC8DD94A7BB59EF9AF /* zxing-all-in-one.h */,
				C669855775C94744BF3F1292 /* CDVBattery.m */,
				B52FC375EBDB4718A5A26416 /* CDVBattery.h */,
				2EA6A207CF104ADAB4DA1860 /* UIImage+CropScaleOrientation.m */,
				DA37FF4A4BE84A6799504A14 /* CDVCamera.m */,
				F58FBD764869424194700753 /* CDVJpegHeaderWriter.m */,
				3E2A849DFC694C49B8699CCC /* UIImage+CropScaleOrientation.h */,
				A870F99F4AB741469BD51021 /* CDVCamera.h */,
				BCF0E477F14B4293A0739610 /* CDVJpegHeaderWriter.h */,
				3372768523B1405D8F4685BD /* CDVExif.h */,
				52BAAEBC99CC431AB2A9BB67 /* CDVDevice.m */,
				33CFC6A85D544E24AAF4E1A6 /* CDVDevice.h */,
				DB5B976906EB4F159123CA37 /* CDVNotification.m */,
				557AC1D89E8340E9993040BC /* CDVNotification.h */,
				482EE4B858E64084A4765038 /* CDVFile.m */,
				8428B889721D4873A2DDB830 /* CDVLocalFilesystem.m */,
				DA82E4E465694AA186B7432F /* CDVAssetLibraryFilesystem.m */,
				7988A011DA0248B997517037 /* CDVFile.h */,
				F147B9221B7243BD8D42FC57 /* CDVLocalFilesystem.h */,
				1A4CBBFD2B224996998325B2 /* CDVAssetLibraryFilesystem.h */,
				E0BF418AE40D45BF926F35F6 /* CDVFileTransfer.m */,
				9808EC5E99624321AC02BD71 /* CDVFileTransfer.h */,
				EDB46BCD30DF4611B8171D64 /* CDVLocation.m */,
				B789BAFD10D147E1829E19F8 /* CDVLocation.h */,
				1A7F84A122A0443DB1348633 /* CDVCapture.m */,
				BB951F1A1A064551B0950E3C /* CDVCapture.h */,
				39914F89F4E840A69DF27582 /* NativeStorage.m */,
				4E2237934877409AAF741AD2 /* NativeStorage.h */,
				D40CCAEAE7E042A1BB69DA04 /* CDVConnection.m */,
				583C5BF86EB44312BE16DFF7 /* CDVReachability.m */,
				A148B64DE43B49838BF7EEBD /* CDVConnection.h */,
				A280065E58694D40A294CC17 /* CDVReachability.h */,
				B412F4FA80224485B2AA9670 /* CDVSplashScreen.m */,
				1D3C610B7E7D41BF832774FC /* CDVViewController+SplashScreen.m */,
				5478A38946E04C59BEF45E02 /* CDVSplashScreen.h */,
				4AA836DB3B304F8CA0E8585C /* CDVViewController+SplashScreen.h */,
				BE30F663A2B0438BA86E7354 /* CDVVibration.m */,
				CFC5E163596E40E48017FA68 /* CDVVibration.h */,
				A03E2FEB0A1443769C5235AC /* ActivityIndicator.m */,
				4A094CCA774D4E98999468E8 /* MBProgressHUD.m */,
				3233C64B72494A6586584186 /* ActivityIndicator.h */,
				5FB3A06E15DD454D9A5A612A /* MBProgressHUD.h */,
				2733116632134007BD60CCEC /* AppDelegate+notification.m */,
				9F4FBC9E3C134B6CA2C2D62F /* PushPlugin.m */,
				A9B48DB1CC4E4FA3960D1499 /* AppDelegate+notification.h */,
				91B3421AEDED468487290424 /* PushPlugin.h */,
			);
			name = Plugins;
			path = HelloCordova/Plugins;
			sourceTree = SOURCE_ROOT;
		};
		391BF8CB4F486A4D902CD219 /* Pods */ = {
			isa = PBXGroup;
			children = (
				DE95213BD2F636D37448A36D /* Pods-HelloCordova.debug.xcconfig */,
				1EA5A04B4C58C74DD299E0D5 /* Pods-HelloCordova.release.xcconfig */,
			);
			path = Pods;
			sourceTree = "<group>";
		};
		EB87FDF11871DA420020F90C /* Staging */ = {
			isa = PBXGroup;
			children = (
				F840E1F0165FE0F500CFE078 /* config.xml */,
				301BF56E109A69640062928A /* www */,
			);
			name = Staging;
			sourceTree = "<group>";
		};
/* End PBXGroup section */

/* Begin PBXNativeTarget section */
		1D6058900D05DD3D006BFB54 /* HelloCordova */ = {
			isa = PBXNativeTarget;
			buildConfigurationList = 1D6058960D05DD3E006BFB54 /* Build configuration list for PBXNativeTarget "HelloCordova" */;
			buildPhases = (
				E6D0C84AF579F1F961ABE743 /* [CP] Check Pods Manifest.lock */,
				304B58A110DAC018002A0835 /* Copy www directory */,
				1D60588D0D05DD3D006BFB54 /* Resources */,
				1D60588E0D05DD3D006BFB54 /* Sources */,
				1D60588F0D05DD3D006BFB54 /* Frameworks */,
				7A4521B3473085B2ED94C8A3 /* [CP] Embed Pods Frameworks */,
			);
			buildRules = (
			);
			dependencies = (
				301BF551109A68C00062928A /* PBXTargetDependency */,
			);
			name = HelloCordova;
			productName = HelloCordova;
			productReference = 1D6058910D05DD3D006BFB54 /* WinAim.app */;
			productType = "com.apple.product-type.application";
		};
/* End PBXNativeTarget section */

/* Begin PBXProject section */
		29B97313FDCFA39411CA2CEA /* Project object */ = {
			isa = PBXProject;
			attributes = {
				LastUpgradeCheck = 510;
				TargetAttributes = {
					1D6058900D05DD3D006BFB54 = {
						DevelopmentTeam = 9TSUG547R9;
					};
				};
			};
			buildConfigurationList = C01FCF4E08A954540054247B /* Build configuration list for PBXProject "HelloCordova" */;
			compatibilityVersion = "Xcode 3.2";
			developmentRegion = English;
			hasScannedForEncodings = 1;
			knownRegions = (
				English,
				en,
				Base,
			);
			mainGroup = 29B97314FDCFA39411CA2CEA /* CustomTemplate */;
			productRefGroup = 19C28FACFE9D520D11CA2CBB /* Products */;
			projectDirPath = "";
			projectReferences = (
				{
					ProductGroup = 301BF52E109A57CC0062928A /* Products */;
					ProjectRef = 301BF52D109A57CC0062928A /* CordovaLib.xcodeproj */;
				},
			);
			projectRoot = "";
			targets = (
				1D6058900D05DD3D006BFB54 /* HelloCordova */,
			);
		};
/* End PBXProject section */

/* Begin PBXReferenceProxy section */
		301BF535109A57CC0062928A /* libCordova.a */ = {
			isa = PBXReferenceProxy;
			fileType = archive.ar;
			path = libCordova.a;
			remoteRef = 301BF534109A57CC0062928A /* PBXContainerItemProxy */;
			sourceTree = BUILT_PRODUCTS_DIR;
		};
		907D8124214C687600058A10 /* Cordova.framework */ = {
			isa = PBXReferenceProxy;
			fileType = wrapper.framework;
			path = Cordova.framework;
			remoteRef = 907D8123214C687600058A10 /* PBXContainerItemProxy */;
			sourceTree = BUILT_PRODUCTS_DIR;
		};
/* End PBXReferenceProxy section */

/* Begin PBXResourcesBuildPhase section */
		1D60588D0D05DD3D006BFB54 /* Resources */ = {
			isa = PBXResourcesBuildPhase;
			buildActionMask = 2147483647;
			files = (
				302D95F214D2391D003F00A1 /* MainViewController.xib in Resources */,
				0207DA581B56EA530066E2B4 /* Images.xcassets in Resources */,
				6AFF5BF91D6E424B00AB3073 /* CDVLaunchScreen.storyboard in Resources */,
				CFBD92DD9AEA458D8CAA1CBC /* scannerOverlay.xib in Resources */,
				385D3E6F7A534B3A8884F42B /* CDVNotification.bundle in Resources */,
				FAE674535DFE4A8A8F3DF88B /* CDVCapture.bundle in Resources */,
			);
			runOnlyForDeploymentPostprocessing = 0;
		};
/* End PBXResourcesBuildPhase section */

/* Begin PBXShellScriptBuildPhase section */
		304B58A110DAC018002A0835 /* Copy www directory */ = {
			isa = PBXShellScriptBuildPhase;
			buildActionMask = 2147483647;
			files = (
			);
			inputPaths = (
			);
			name = "Copy www directory";
			outputPaths = (
			);
			runOnlyForDeploymentPostprocessing = 0;
			shellPath = /bin/sh;
			shellScript = "\"$SRCROOT/HelloCordova/Scripts/copy-www-build-step.sh\"";
			showEnvVarsInLog = 0;
		};
		7A4521B3473085B2ED94C8A3 /* [CP] Embed Pods Frameworks */ = {
			isa = PBXShellScriptBuildPhase;
			buildActionMask = 2147483647;
			files = (
			);
			inputPaths = (
				"${PODS_ROOT}/Target Support Files/Pods-HelloCordova/Pods-HelloCordova-frameworks.sh",
				"${BUILT_PRODUCTS_DIR}/GoogleUtilities/GoogleUtilities.framework",
				"${BUILT_PRODUCTS_DIR}/PromisesObjC/FBLPromises.framework",
				"${BUILT_PRODUCTS_DIR}/Protobuf/Protobuf.framework",
				"${BUILT_PRODUCTS_DIR}/nanopb/nanopb.framework",
			);
			name = "[CP] Embed Pods Frameworks";
			outputPaths = (
				"${TARGET_BUILD_DIR}/${FRAMEWORKS_FOLDER_PATH}/GoogleUtilities.framework",
				"${TARGET_BUILD_DIR}/${FRAMEWORKS_FOLDER_PATH}/FBLPromises.framework",
				"${TARGET_BUILD_DIR}/${FRAMEWORKS_FOLDER_PATH}/Protobuf.framework",
				"${TARGET_BUILD_DIR}/${FRAMEWORKS_FOLDER_PATH}/nanopb.framework",
			);
			runOnlyForDeploymentPostprocessing = 0;
			shellPath = /bin/sh;
			shellScript = "\"${PODS_ROOT}/Target Support Files/Pods-HelloCordova/Pods-HelloCordova-frameworks.sh\"\n";
			showEnvVarsInLog = 0;
		};
		E6D0C84AF579F1F961ABE743 /* [CP] Check Pods Manifest.lock */ = {
			isa = PBXShellScriptBuildPhase;
			buildActionMask = 2147483647;
			files = (
			);
			inputFileListPaths = (
			);
			inputPaths = (
				"${PODS_PODFILE_DIR_PATH}/Podfile.lock",
				"${PODS_ROOT}/Manifest.lock",
			);
			name = "[CP] Check Pods Manifest.lock";
			outputFileListPaths = (
			);
			outputPaths = (
				"$(DERIVED_FILE_DIR)/Pods-HelloCordova-checkManifestLockResult.txt",
			);
			runOnlyForDeploymentPostprocessing = 0;
			shellPath = /bin/sh;
			shellScript = "diff \"${PODS_PODFILE_DIR_PATH}/Podfile.lock\" \"${PODS_ROOT}/Manifest.lock\" > /dev/null\nif [ $? != 0 ] ; then\n    # print error to STDERR\n    echo \"error: The sandbox is not in sync with the Podfile.lock. Run 'pod install' or update your CocoaPods installation.\" >&2\n    exit 1\nfi\n# This output is used by Xcode 'outputs' to avoid re-running this script phase.\necho \"SUCCESS\" > \"${SCRIPT_OUTPUT_FILE_0}\"\n";
			showEnvVarsInLog = 0;
		};
/* End PBXShellScriptBuildPhase section */

/* Begin PBXSourcesBuildPhase section */
		1D60588E0D05DD3D006BFB54 /* Sources */ = {
			isa = PBXSourcesBuildPhase;
			buildActionMask = 2147483647;
			files = (
				1D60589B0D05DD56006BFB54 /* main.m in Sources */,
				1D3623260D0F684500981E51 /* AppDelegate.m in Sources */,
				302D95F114D2391D003F00A1 /* MainViewController.m in Sources */,
				F460B97C394743F7A1C1B475 /* CDVBarcodeScanner.mm in Sources */,
				6A6A934F15D4492384EAC24A /* zxing-all-in-one.cpp in Sources */,
				311ACF4533194CEE9DF7E2EA /* CDVBattery.m in Sources */,
				CE4D29E213B349679AA0F4E7 /* UIImage+CropScaleOrientation.m in Sources */,
				9B4ACF432DBC4D7199C65AA6 /* CDVCamera.m in Sources */,
				E3E633D1553245A69D797E1C /* CDVJpegHeaderWriter.m in Sources */,
				22A627E37ACA46A6AD7AFEC4 /* CDVDevice.m in Sources */,
				93E202E0AC55489BA992FA94 /* CDVNotification.m in Sources */,
				E6D5FC48E1764D2E94411883 /* CDVFile.m in Sources */,
				E616EA528C82410289BFFA68 /* CDVLocalFilesystem.m in Sources */,
				640B5A8595054F87BDCBD439 /* CDVAssetLibraryFilesystem.m in Sources */,
				A60253FE02FA4C2587120E03 /* CDVFileTransfer.m in Sources */,
				41F9BDE37DBD47DAAF74ABE5 /* CDVLocation.m in Sources */,
				12963724636140808D68373B /* CDVCapture.m in Sources */,
				2740FCAB23BB2D530067EA30 /* MBProgressHUD.m in Sources */,
				234BA8A1D42C40BDAC0F7F6F /* NativeStorage.m in Sources */,
				396EFE57945C4685A46BD105 /* CDVConnection.m in Sources */,
				5080FAF45ACE44BA937C6572 /* CDVReachability.m in Sources */,
				7C4572920F8D483B8D409343 /* CDVSplashScreen.m in Sources */,
				1AB7369C5F8B435C859ABD60 /* CDVViewController+SplashScreen.m in Sources */,
				940E31B9D89D4DA389106471 /* CDVVibration.m in Sources */,
				0294D30F68E744E48D85ED94 /* ActivityIndicator.m in Sources */,
				CCBD1D2582524F1BBD81FACB /* AppDelegate+notification.m in Sources */,
				AAC7CAA0760244A688462790 /* PushPlugin.m in Sources */,
			);
			runOnlyForDeploymentPostprocessing = 0;
		};
/* End PBXSourcesBuildPhase section */

/* Begin PBXTargetDependency section */
		301BF551109A68C00062928A /* PBXTargetDependency */ = {
			isa = PBXTargetDependency;
			name = CordovaLib;
			targetProxy = 301BF550109A68C00062928A /* PBXContainerItemProxy */;
		};
/* End PBXTargetDependency section */

/* Begin XCBuildConfiguration section */
		1D6058940D05DD3E006BFB54 /* Debug */ = {
			isa = XCBuildConfiguration;
			baseConfigurationReference = 3047A50F1AB8059700498E2A /* build-debug.xcconfig */;
			buildSettings = {
				ALWAYS_EMBED_SWIFT_STANDARD_LIBRARIES = YES;
				ALWAYS_SEARCH_USER_PATHS = NO;
				ASSETCATALOG_COMPILER_APPICON_NAME = AppIcon;
				ASSETCATALOG_COMPILER_LAUNCHIMAGE_NAME = LaunchImage;
				CLANG_ENABLE_MODULES = YES;
				CLANG_ENABLE_OBJC_ARC = YES;
				COPY_PHASE_STRIP = NO;
				CURRENT_PROJECT_VERSION = 0.0;
				DEVELOPMENT_TEAM = 9TSUG547R9;
				GCC_DYNAMIC_NO_PIC = NO;
				GCC_OPTIMIZATION_LEVEL = 0;
				GCC_PRECOMPILE_PREFIX_HEADER = YES;
				GCC_PREFIX_HEADER = "HelloCordova/HelloCordova-Prefix.pch";
				GCC_THUMB_SUPPORT = NO;
				GCC_VERSION = "";
				HEADER_SEARCH_PATHS = (
					"\"$(TARGET_BUILD_DIR)/usr/local/lib/include\"/**",
					"\"$(OBJROOT)/UninstalledProducts/include\"/**",
					"\"$(OBJROOT)/UninstalledProducts/$(PLATFORM_NAME)/include\"/**",
					"\"$(BUILT_PRODUCTS_DIR)\"/**",
					"$(SRCROOT)/**",
				);
				INFOPLIST_FILE = "HelloCordova/HelloCordova-Info.plist";
				IPHONEOS_DEPLOYMENT_TARGET = 12.0;
				LD_RUNPATH_SEARCH_PATHS = "@executable_path/Frameworks";
				MARKETING_VERSION = 7.5;
				PRODUCT_BUNDLE_IDENTIFIER = org.winaim.oneview.1;
				PRODUCT_NAME = WinAim;
				SWIFT_OBJC_BRIDGING_HEADER = "$(PROJECT_DIR)/$(PROJECT_NAME)/Bridging-Header.h";
				SWIFT_OPTIMIZATION_LEVEL = "-Onone";
				SWIFT_VERSION = 4.0;
				TARGETED_DEVICE_FAMILY = "1,2";
			};
			name = Debug;
		};
		1D6058950D05DD3E006BFB54 /* Release */ = {
			isa = XCBuildConfiguration;
			baseConfigurationReference = 3047A5101AB8059700498E2A /* build-release.xcconfig */;
			buildSettings = {
				ALWAYS_EMBED_SWIFT_STANDARD_LIBRARIES = YES;
				ALWAYS_SEARCH_USER_PATHS = NO;
				ASSETCATALOG_COMPILER_APPICON_NAME = AppIcon;
				ASSETCATALOG_COMPILER_LAUNCHIMAGE_NAME = LaunchImage;
				CLANG_ENABLE_MODULES = YES;
				CLANG_ENABLE_OBJC_ARC = YES;
				CODE_SIGN_IDENTITY = "Apple Development";
				CODE_SIGN_STYLE = Automatic;
				COPY_PHASE_STRIP = YES;
				CURRENT_PROJECT_VERSION = 0.0;
				DEVELOPMENT_TEAM = 9TSUG547R9;
				GCC_PRECOMPILE_PREFIX_HEADER = YES;
				GCC_PREFIX_HEADER = "HelloCordova/HelloCordova-Prefix.pch";
				GCC_THUMB_SUPPORT = NO;
				GCC_VERSION = "";
				HEADER_SEARCH_PATHS = (
					"\"$(TARGET_BUILD_DIR)/usr/local/lib/include\"/**",
					"\"$(OBJROOT)/UninstalledProducts/include\"/**",
					"\"$(OBJROOT)/UninstalledProducts/$(PLATFORM_NAME)/include\"/**",
					"\"$(BUILT_PRODUCTS_DIR)\"/**",
					"$(SRCROOT)/**",
				);
				INFOPLIST_FILE = "HelloCordova/HelloCordova-Info.plist";
				IPHONEOS_DEPLOYMENT_TARGET = 12.0;
				LD_RUNPATH_SEARCH_PATHS = "@executable_path/Frameworks";
				MARKETING_VERSION = 7.5;
				PRODUCT_BUNDLE_IDENTIFIER = org.winaim.oneview.1;
				PRODUCT_NAME = WinAim;
				PROVISIONING_PROFILE_SPECIFIER = "";
				SWIFT_OBJC_BRIDGING_HEADER = "$(PROJECT_DIR)/$(PROJECT_NAME)/Bridging-Header.h";
				SWIFT_VERSION = 4.0;
				TARGETED_DEVICE_FAMILY = "1,2";
			};
			name = Release;
		};
		C01FCF4F08A954540054247B /* Debug */ = {
			isa = XCBuildConfiguration;
			baseConfigurationReference = 3047A5111AB8059700498E2A /* build.xcconfig */;
			buildSettings = {
				ALWAYS_EMBED_SWIFT_STANDARD_LIBRARIES = YES;
				CLANG_ENABLE_MODULES = YES;
				CLANG_ENABLE_OBJC_ARC = YES;
				CLANG_WARN_BLOCK_CAPTURE_AUTORELEASING = YES;
				CLANG_WARN_BOOL_CONVERSION = YES;
				CLANG_WARN_COMMA = YES;
				CLANG_WARN_CONSTANT_CONVERSION = YES;
				CLANG_WARN_DEPRECATED_OBJC_IMPLEMENTATIONS = YES;
				CLANG_WARN_EMPTY_BODY = YES;
				CLANG_WARN_ENUM_CONVERSION = YES;
				CLANG_WARN_INFINITE_RECURSION = YES;
				CLANG_WARN_INT_CONVERSION = YES;
				CLANG_WARN_NON_LITERAL_NULL_CONVERSION = YES;
				CLANG_WARN_OBJC_IMPLICIT_RETAIN_SELF = YES;
				CLANG_WARN_OBJC_LITERAL_CONVERSION = YES;
				CLANG_WARN_RANGE_LOOP_ANALYSIS = YES;
				CLANG_WARN_STRICT_PROTOTYPES = YES;
				CLANG_WARN_SUSPICIOUS_MOVE = YES;
				CLANG_WARN_UNREACHABLE_CODE = YES;
				CLANG_WARN__DUPLICATE_METHOD_MATCH = YES;
				ENABLE_STRICT_OBJC_MSGSEND = YES;
				ENABLE_TESTABILITY = YES;
				GCC_C_LANGUAGE_STANDARD = c99;
				GCC_NO_COMMON_BLOCKS = YES;
				GCC_THUMB_SUPPORT = NO;
				GCC_VERSION = "";
				GCC_WARN_64_TO_32_BIT_CONVERSION = YES;
				GCC_WARN_ABOUT_RETURN_TYPE = YES;
				GCC_WARN_UNDECLARED_SELECTOR = YES;
				GCC_WARN_UNINITIALIZED_AUTOS = YES;
				GCC_WARN_UNUSED_FUNCTION = YES;
				GCC_WARN_UNUSED_VARIABLE = YES;
				HEADER_SEARCH_PATHS = (
					"\"$(TARGET_BUILD_DIR)/usr/local/lib/include\"/**",
					"\"$(OBJROOT)/UninstalledProducts/include\"/**",
					"\"$(OBJROOT)/UninstalledProducts/$(PLATFORM_NAME)/include\"/**",
					"\"$(BUILT_PRODUCTS_DIR)\"/**",
				);
				IPHONEOS_DEPLOYMENT_TARGET = 12.0;
				ONLY_ACTIVE_ARCH = YES;
				PRODUCT_BUNDLE_IDENTIFIER = org.winaim.oneview;
				PRODUCT_NAME = WinAim;
				SDKROOT = iphoneos;
				SKIP_INSTALL = NO;
				SWIFT_OBJC_BRIDGING_HEADER = "$(PROJECT_DIR)/$(PROJECT_NAME)/Bridging-Header.h";
				SWIFT_OPTIMIZATION_LEVEL = "-Onone";
				SWIFT_VERSION = 4.0;
				WK_WEB_VIEW_ONLY = 0;
			};
			name = Debug;
		};
		C01FCF5008A954540054247B /* Release */ = {
			isa = XCBuildConfiguration;
			baseConfigurationReference = 3047A5111AB8059700498E2A /* build.xcconfig */;
			buildSettings = {
				ALWAYS_EMBED_SWIFT_STANDARD_LIBRARIES = YES;
				CLANG_ENABLE_MODULES = YES;
				CLANG_ENABLE_OBJC_ARC = YES;
				CLANG_WARN_BLOCK_CAPTURE_AUTORELEASING = YES;
				CLANG_WARN_BOOL_CONVERSION = YES;
				CLANG_WARN_COMMA = YES;
				CLANG_WARN_CONSTANT_CONVERSION = YES;
				CLANG_WARN_DEPRECATED_OBJC_IMPLEMENTATIONS = YES;
				CLANG_WARN_EMPTY_BODY = YES;
				CLANG_WARN_ENUM_CONVERSION = YES;
				CLANG_WARN_INFINITE_RECURSION = YES;
				CLANG_WARN_INT_CONVERSION = YES;
				CLANG_WARN_NON_LITERAL_NULL_CONVERSION = YES;
				CLANG_WARN_OBJC_IMPLICIT_RETAIN_SELF = YES;
				CLANG_WARN_OBJC_LITERAL_CONVERSION = YES;
				CLANG_WARN_RANGE_LOOP_ANALYSIS = YES;
				CLANG_WARN_STRICT_PROTOTYPES = YES;
				CLANG_WARN_SUSPICIOUS_MOVE = YES;
				CLANG_WARN_UNREACHABLE_CODE = YES;
				CLANG_WARN__DUPLICATE_METHOD_MATCH = YES;
				ENABLE_STRICT_OBJC_MSGSEND = YES;
				GCC_C_LANGUAGE_STANDARD = c99;
				GCC_NO_COMMON_BLOCKS = YES;
				GCC_THUMB_SUPPORT = NO;
				GCC_VERSION = "";
				GCC_WARN_64_TO_32_BIT_CONVERSION = YES;
				GCC_WARN_ABOUT_RETURN_TYPE = YES;
				GCC_WARN_UNDECLARED_SELECTOR = YES;
				GCC_WARN_UNINITIALIZED_AUTOS = YES;
				GCC_WARN_UNUSED_FUNCTION = YES;
				GCC_WARN_UNUSED_VARIABLE = YES;
				HEADER_SEARCH_PATHS = (
					"\"$(TARGET_BUILD_DIR)/usr/local/lib/include\"/**",
					"\"$(OBJROOT)/UninstalledProducts/include\"/**",
					"\"$(OBJROOT)/UninstalledProducts/$(PLATFORM_NAME)/include\"/**",
					"\"$(BUILT_PRODUCTS_DIR)\"/**",
				);
				IPHONEOS_DEPLOYMENT_TARGET = 12.0;
				PRODUCT_BUNDLE_IDENTIFIER = org.winaim.oneview;
				PRODUCT_NAME = WinAim;
				SDKROOT = iphoneos;
				SKIP_INSTALL = NO;
				SWIFT_OBJC_BRIDGING_HEADER = "$(PROJECT_DIR)/$(PROJECT_NAME)/Bridging-Header.h";
				SWIFT_VERSION = 4.0;
				WK_WEB_VIEW_ONLY = 0;
			};
			name = Release;
		};
/* End XCBuildConfiguration section */

/* Begin XCConfigurationList section */
		1D6058960D05DD3E006BFB54 /* Build configuration list for PBXNativeTarget "HelloCordova" */ = {
			isa = XCConfigurationList;
			buildConfigurations = (
				1D6058940D05DD3E006BFB54 /* Debug */,
				1D6058950D05DD3E006BFB54 /* Release */,
			);
			defaultConfigurationIsVisible = 0;
			defaultConfigurationName = Release;
		};
		C01FCF4E08A954540054247B /* Build configuration list for PBXProject "HelloCordova" */ = {
			isa = XCConfigurationList;
			buildConfigurations = (
				C01FCF4F08A954540054247B /* Debug */,
				C01FCF5008A954540054247B /* Release */,
			);
			defaultConfigurationIsVisible = 0;
			defaultConfigurationName = Release;
		};
/* End XCConfigurationList section */
	};
	rootObject = 29B97313FDCFA39411CA2CEA /* Project object */;
}
